{
  "originHash" : "c2981ed82c40e7637ae73b99f05422579972d060717a81a6cf6190a82c9d8508",
  "pins" : [
    {
      "identity" : "plate",
      "kind" : "remoteSourceControl",
      "location" : "https://github.com/leviouwendijk/plate.git",
      "state" : {
        "branch" : "master",
        "revision" : "02fb13d8f9c1708f78641ff0aba042554f679bc2"
      }
    }
  ],
  "version" : 3
}
