{
  "originHash" : "c2981ed82c40e7637ae73b99f05422579972d060717a81a6cf6190a82c9d8508",
  "pins" : [
    {
      "identity" : "plate",
      "kind" : "remoteSourceControl",
      "location" : "https://github.com/leviouwendijk/plate.git",
      "state" : {
        "branch" : "master",
        "revision" : "4fd0f61a2663687b10ce1d1d4be309b582c3afa6"
      }
    }
  ],
  "version" : 3
}
