{
  "originHash" : "3b597bd762e7b75c7f6fa011511f37b6c563167d17e71f9eaf38b60d46cb5347",
  "pins" : [
    {
      "identity" : "compositions",
      "kind" : "remoteSourceControl",
      "location" : "https://github.com/leviouwendijk/Compositions.git",
      "state" : {
        "branch" : "master",
        "revision" : "7e2d5903cc89ab04836e3d4730da4b00a0819ab4"
      }
    },
    {
      "identity" : "economics",
      "kind" : "remoteSourceControl",
      "location" : "https://github.com/leviouwendijk/Economics.git",
      "state" : {
        "branch" : "master",
        "revision" : "edcc563eaa6f95bfd0385592804817ecbbe0c357"
      }
    },
    {
      "identity" : "implementations",
      "kind" : "remoteSourceControl",
      "location" : "https://github.com/leviouwendijk/Implementations.git",
      "state" : {
        "branch" : "master",
        "revision" : "32c11076cfc5c7e228378d3a53693eeb0d985a00"
      }
    },
    {
      "identity" : "interfaces",
      "kind" : "remoteSourceControl",
      "location" : "https://github.com/leviouwendijk/Interfaces.git",
      "state" : {
        "branch" : "master",
        "revision" : "d21913ed6dfb22a87330f21d65962b51db62966a"
      }
    },
    {
      "identity" : "plate",
      "kind" : "remoteSourceControl",
      "location" : "https://github.com/leviouwendijk/plate.git",
      "state" : {
        "branch" : "master",
        "revision" : "bf2f9ab555ba997fa7720a12dd93526ee8ec5950"
      }
    },
    {
      "identity" : "structures",
      "kind" : "remoteSourceControl",
      "location" : "https://github.com/leviouwendijk/Structures.git",
      "state" : {
        "branch" : "master",
        "revision" : "746c7cf1c02968dd5dc348ccc175186aa69f8d8a"
      }
    },
    {
      "identity" : "viewcomponents",
      "kind" : "remoteSourceControl",
      "location" : "https://github.com/leviouwendijk/ViewComponents.git",
      "state" : {
        "branch" : "master",
        "revision" : "07e45b684f30956c87664c8b4e6c2ef27f359d77"
      }
    }
  ],
  "version" : 3
}
